
Microsoft Visual Studio Solution File, Format Version 12.00
# Visual Studio Version 16
VisualStudioVersion = 16.0.31702.278
MinimumVisualStudioVersion = 10.0.40219.1
Project("{9A19103F-16F7-4668-BE54-9A1E7A4F7556}") = "ItemsMod", "ItemsMod.csproj", "{3B7D5298-807E-4012-98AB-533195F35F95}"
EndProject
Global
	GlobalSection(SolutionConfigurationPlatforms) = preSolution
		Debug|Any CPU = Debug|Any CPU
		Release|Any CPU = Release|Any CPU
	EndGlobalSection
	GlobalSection(ProjectConfigurationPlatforms) = postSolution
		{3B7D5298-807E-4012-98AB-533195F35F95}.Debug|Any CPU.ActiveCfg = Debug|Any CPU
		{3B7D5298-807E-4012-98AB-533195F35F95}.Debug|Any CPU.Build.0 = Debug|Any CPU
		{3B7D5298-807E-4012-98AB-533195F35F95}.Release|Any CPU.ActiveCfg = Release|Any CPU
		{3B7D5298-807E-4012-98AB-533195F35F95}.Release|Any CPU.Build.0 = Release|Any CPU
	EndGlobalSection
	GlobalSection(SolutionProperties) = preSolution
		HideSolutionNode = FALSE
	EndGlobalSection
	GlobalSection(ExtensibilityGlobals) = postSolution
		SolutionGuid = {17082CC0-48A5-4F75-B562-57E99BD7F901}
	EndGlobalSection
EndGlobal
